
Microsoft Visual Studio Solution File, Format Version 12.00
# Visual Studio Version 17
VisualStudioVersion = 17.5.33414.496
MinimumVisualStudioVersion = 10.0.40219.1
Project("{FAE04EC0-301F-11D3-BF4B-00C04F79EFBC}") = "AdressClassLibrary", "AdressClassLibrary\AdressClassLibrary.csproj", "{1A73ABEA-CAD5-43D7-8F9C-F95D0C2E1F8C}"
EndProject
Project("{FAE04EC0-301F-11D3-BF4B-00C04F79EFBC}") = "ConsoleAsker", "ConsoleAsker\ConsoleAsker.csproj", "{DBD1D0A2-A684-405D-AF91-3ACE886F4B36}"
EndProject
Global
	GlobalSection(SolutionConfigurationPlatforms) = preSolution
		Debug|Any CPU = Debug|Any CPU
		Release|Any CPU = Release|Any CPU
	EndGlobalSection
	GlobalSection(ProjectConfigurationPlatforms) = postSolution
		{1A73ABEA-CAD5-43D7-8F9C-F95D0C2E1F8C}.Debug|Any CPU.ActiveCfg = Debug|Any CPU
		{1A73ABEA-CAD5-43D7-8F9C-F95D0C2E1F8C}.Debug|Any CPU.Build.0 = Debug|Any CPU
		{1A73ABEA-CAD5-43D7-8F9C-F95D0C2E1F8C}.Release|Any CPU.ActiveCfg = Release|Any CPU
		{1A73ABEA-CAD5-43D7-8F9C-F95D0C2E1F8C}.Release|Any CPU.Build.0 = Release|Any CPU
		{DBD1D0A2-A684-405D-AF91-3ACE886F4B36}.Debug|Any CPU.ActiveCfg = Debug|Any CPU
		{DBD1D0A2-A684-405D-AF91-3ACE886F4B36}.Debug|Any CPU.Build.0 = Debug|Any CPU
		{DBD1D0A2-A684-405D-AF91-3ACE886F4B36}.Release|Any CPU.ActiveCfg = Release|Any CPU
		{DBD1D0A2-A684-405D-AF91-3ACE886F4B36}.Release|Any CPU.Build.0 = Release|Any CPU
	EndGlobalSection
	GlobalSection(SolutionProperties) = preSolution
		HideSolutionNode = FALSE
	EndGlobalSection
	GlobalSection(ExtensibilityGlobals) = postSolution
		SolutionGuid = {DD5CE1D4-B42A-4EC1-9B4F-F7CE52FC93C5}
	EndGlobalSection
EndGlobal
